
Microsoft Visual Studio Solution File, Format Version 12.00
Project("{FAE04EC0-301F-11D3-BF4B-00C04F79EFBC}") = "BlazorÖvningar", "BlazorÖvningar\BlazorÖvningar.csproj", "{461EE7CD-7A51-4FFC-BE61-4C0E559B5EFC}"
EndProject
Global
	GlobalSection(SolutionConfigurationPlatforms) = preSolution
		Debug|Any CPU = Debug|Any CPU
		Release|Any CPU = Release|Any CPU
	EndGlobalSection
	GlobalSection(ProjectConfigurationPlatforms) = postSolution
		{461EE7CD-7A51-4FFC-BE61-4C0E559B5EFC}.Debug|Any CPU.ActiveCfg = Debug|Any CPU
		{461EE7CD-7A51-4FFC-BE61-4C0E559B5EFC}.Debug|Any CPU.Build.0 = Debug|Any CPU
		{461EE7CD-7A51-4FFC-BE61-4C0E559B5EFC}.Release|Any CPU.ActiveCfg = Release|Any CPU
		{461EE7CD-7A51-4FFC-BE61-4C0E559B5EFC}.Release|Any CPU.Build.0 = Release|Any CPU
	EndGlobalSection
EndGlobal
